
Microsoft Visual Studio Solution File, Format Version 12.00
# Visual Studio 2013
VisualStudioVersion = 12.0.31101.0
MinimumVisualStudioVersion = 10.0.40219.1
Project("{FAE04EC0-301F-11D3-BF4B-00C04F79EFBC}") = "MyApp.WebMVC", "MyApp.WebMVC\MyApp.WebMVC.csproj", "{6DE5C58C-5E98-4CC6-AE1D-D323F1DA39FD}"
EndProject
Project("{FAE04EC0-301F-11D3-BF4B-00C04F79EFBC}") = "MyApp.Core", "MyApp.Core\MyApp.Core.csproj", "{10C421DC-A872-4983-90BF-0DBD125265B2}"
EndProject
Global
	GlobalSection(SolutionConfigurationPlatforms) = preSolution
		Debug|Any CPU = Debug|Any CPU
		Release|Any CPU = Release|Any CPU
	EndGlobalSection
	GlobalSection(ProjectConfigurationPlatforms) = postSolution
		{6DE5C58C-5E98-4CC6-AE1D-D323F1DA39FD}.Debug|Any CPU.ActiveCfg = Debug|Any CPU
		{6DE5C58C-5E98-4CC6-AE1D-D323F1DA39FD}.Debug|Any CPU.Build.0 = Debug|Any CPU
		{6DE5C58C-5E98-4CC6-AE1D-D323F1DA39FD}.Release|Any CPU.ActiveCfg = Release|Any CPU
		{6DE5C58C-5E98-4CC6-AE1D-D323F1DA39FD}.Release|Any CPU.Build.0 = Release|Any CPU
		{10C421DC-A872-4983-90BF-0DBD125265B2}.Debug|Any CPU.ActiveCfg = Debug|Any CPU
		{10C421DC-A872-4983-90BF-0DBD125265B2}.Debug|Any CPU.Build.0 = Debug|Any CPU
		{10C421DC-A872-4983-90BF-0DBD125265B2}.Release|Any CPU.ActiveCfg = Release|Any CPU
		{10C421DC-A872-4983-90BF-0DBD125265B2}.Release|Any CPU.Build.0 = Release|Any CPU
	EndGlobalSection
	GlobalSection(SolutionProperties) = preSolution
		HideSolutionNode = FALSE
	EndGlobalSection
EndGlobal
